
Microsoft Visual Studio Solution File, Format Version 12.00
# Visual Studio Version 17
VisualStudioVersion = 17.6.33815.320
MinimumVisualStudioVersion = 10.0.40219.1
Project("{9A19103F-16F7-4668-BE54-9A1E7A4F7556}") = "LaboratoryPanelWPF", "LaboratoryPanelWPF\LaboratoryPanelWPF.csproj", "{B85447F6-13E6-4577-8063-32B9DC068BC6}"
EndProject
Project("{9A19103F-16F7-4668-BE54-9A1E7A4F7556}") = "DiagnosticServicesModel", "DiagnosticServicesModel\DiagnosticServicesModel.csproj", "{0D35E08E-5897-45AA-966E-6238E2318289}"
EndProject
Project("{9A19103F-16F7-4668-BE54-9A1E7A4F7556}") = "PathologyBackend", "..\PathologyBackendCS\PathologyBackend\PathologyBackend.csproj", "{C35A0E6E-F0B5-417B-9D89-1981C61CB448}"
	ProjectSection(ProjectDependencies) = postProject
		{0D35E08E-5897-45AA-966E-6238E2318289} = {0D35E08E-5897-45AA-966E-6238E2318289}
	EndProjectSection
EndProject
Global
	GlobalSection(SolutionConfigurationPlatforms) = preSolution
		Debug|Any CPU = Debug|Any CPU
		Release|Any CPU = Release|Any CPU
	EndGlobalSection
	GlobalSection(ProjectConfigurationPlatforms) = postSolution
		{B85447F6-13E6-4577-8063-32B9DC068BC6}.Debug|Any CPU.ActiveCfg = Debug|Any CPU
		{B85447F6-13E6-4577-8063-32B9DC068BC6}.Debug|Any CPU.Build.0 = Debug|Any CPU
		{B85447F6-13E6-4577-8063-32B9DC068BC6}.Release|Any CPU.ActiveCfg = Release|Any CPU
		{B85447F6-13E6-4577-8063-32B9DC068BC6}.Release|Any CPU.Build.0 = Release|Any CPU
		{0D35E08E-5897-45AA-966E-6238E2318289}.Debug|Any CPU.ActiveCfg = Debug|Any CPU
		{0D35E08E-5897-45AA-966E-6238E2318289}.Debug|Any CPU.Build.0 = Debug|Any CPU
		{0D35E08E-5897-45AA-966E-6238E2318289}.Release|Any CPU.ActiveCfg = Release|Any CPU
		{0D35E08E-5897-45AA-966E-6238E2318289}.Release|Any CPU.Build.0 = Release|Any CPU
		{C35A0E6E-F0B5-417B-9D89-1981C61CB448}.Debug|Any CPU.ActiveCfg = Debug|Any CPU
		{C35A0E6E-F0B5-417B-9D89-1981C61CB448}.Debug|Any CPU.Build.0 = Debug|Any CPU
		{C35A0E6E-F0B5-417B-9D89-1981C61CB448}.Release|Any CPU.ActiveCfg = Release|Any CPU
		{C35A0E6E-F0B5-417B-9D89-1981C61CB448}.Release|Any CPU.Build.0 = Release|Any CPU
	EndGlobalSection
	GlobalSection(SolutionProperties) = preSolution
		HideSolutionNode = FALSE
	EndGlobalSection
	GlobalSection(ExtensibilityGlobals) = postSolution
		SolutionGuid = {EB8CF218-D21D-4280-BD75-F4D3DFA35CFF}
	EndGlobalSection
EndGlobal
