
Microsoft Visual Studio Solution File, Format Version 12.00
# Visual Studio Version 17
VisualStudioVersion = 17.6.33815.320
MinimumVisualStudioVersion = 10.0.40219.1
Project("{FAE04EC0-301F-11D3-BF4B-00C04F79EFBC}") = "PathologyBackend", "PathologyBackend\PathologyBackend.csproj", "{7D0B2F93-C808-493B-B8B7-987288886E21}"
EndProject
Global
	GlobalSection(SolutionConfigurationPlatforms) = preSolution
		Debug|Any CPU = Debug|Any CPU
		Release|Any CPU = Release|Any CPU
	EndGlobalSection
	GlobalSection(ProjectConfigurationPlatforms) = postSolution
		{7D0B2F93-C808-493B-B8B7-987288886E21}.Debug|Any CPU.ActiveCfg = Debug|Any CPU
		{7D0B2F93-C808-493B-B8B7-987288886E21}.Debug|Any CPU.Build.0 = Debug|Any CPU
		{7D0B2F93-C808-493B-B8B7-987288886E21}.Release|Any CPU.ActiveCfg = Release|Any CPU
		{7D0B2F93-C808-493B-B8B7-987288886E21}.Release|Any CPU.Build.0 = Release|Any CPU
	EndGlobalSection
	GlobalSection(SolutionProperties) = preSolution
		HideSolutionNode = FALSE
	EndGlobalSection
	GlobalSection(ExtensibilityGlobals) = postSolution
		SolutionGuid = {69B41773-A10C-4CB4-B00E-9997BC2AFD0C}
	EndGlobalSection
EndGlobal
